dependencies:
- name: common
  repository: https://library-charts.k8s-at-home.com
  version: 4.5.2
- name: mariadb
  repository: https://charts.bitnami.com/bitnami
  version: 23.2.4
- name: redis
  repository: https://charts.bitnami.com/bitnami
  version: 16.12.0
digest: sha256:c2c9c3b5ccfd40eaa686abd527246c1e873d9f498a55301fa336b01c8a0456f0
generated: "2025-11-08T01:38:01.799522098Z"
