dependencies:
- name: common
  repository: https://library-charts.k8s-at-home.com
  version: 4.5.2
- name: mariadb
  repository: https://cloudpirates-io.github.io/helm-charts
  version: 0.16.15
- name: redis
  repository: https://cloudpirates-io.github.io/helm-charts
  version: 0.35.1
digest: sha256:a27403ed2dd3ec697f7b0270f0e0cefb7c0a4bac738305352045cc5d1e6b96bd
generated: "2026-09-18T22:49:21.533386023Z"
