dependencies:
- name: common
  repository: https://library-charts.k8s-at-home.com
  version: 4.5.2
- name: mariadb
  repository: https://charts.bitnami.com/bitnami
  version: 11.0.12
- name: redis
  repository: https://charts.bitnami.com/bitnami
  version: 16.12.0
digest: sha256:485d25bbf01ae424d3823af5bbed317aecb5b31fd5015f3427d18b539e669d70
generated: "2022-08-18T14:32:47.405936+02:00"
